version = 1
revision = 3
requires-python = "==3.14.*"

[manifest]
overrides = [{ name = "urllib3", specifier = "==2.6.0" }]

[[package]]
name = "certifi"
version = "2025.8.3"
source = { registry = "https://pypi.org/simple" }
sdist = { url = "https://files.pythonhosted.org/packages/dc/67/960ebe6bf230a96cda2e0abcf73af550ec4f090005363542f0765df162e0/certifi-2025.8.3.tar.gz", hash = "sha256:e564105f78ded564e3ae7c923924435e1daa7463faeab5bb932bc53ffae63407", size = 162386, upload-time = "2025-08-03T03:07:47.08Z" }
wheels = [
    { url = "https://files.pythonhosted.org/packages/e5/48/1549795ba7742c948d2ad169c1c8cdbae65bc450d6cd753d124b17c8cd32/certifi-2025.8.3-py3-none-any.whl", hash = "sha256:f6c12493cfb1b06ba2ff328595af9350c65d6644968e5d3a2ffd78699af217a5", size = 161216, upload-time = "2025-08-03T03:07:45.777Z" },
]

[[package]]
name = "charset-normalizer"
version = "3.4.2"
source = { registry = "https://pypi.org/simple" }
sdist = { url = "https://files.pythonhosted.org/packages/e4/33/89c2ced2b67d1c2a61c19c6751aa8902d46ce3dacb23600a283619f5a12d/charset_normalizer-3.4.2.tar.gz", hash = "sha256:5baececa9ecba31eff645232d59845c07aa030f0c81ee70184a90d35099a0e63", size = 126367, upload-time = "2025-05-02T08:34:42.01Z" }
wheels = [
    { url = "https://files.pythonhosted.org/packages/20/94/c5790835a017658cbfabd07f3bfb549140c3ac458cfc196323996b10095a/charset_normalizer-3.4.2-py3-none-any.whl", hash = "sha256:7f56930ab0abd1c45cd15be65cc741c28b1c9a34876ce8c17a2fa107810c0af0", size = 52626, upload-time = "2025-05-02T08:34:40.053Z" },
]

[[package]]
name = "colorama"
version = "0.4.6"
source = { registry = "https://pypi.org/simple" }
sdist = { url = "https://files.pythonhosted.org/packages/d8/53/6f443c9a4a8358a93a6792e2acffb9d9d5cb0a5cfd8802644b7b1c9a02e4/colorama-0.4.6.tar.gz", hash = "sha256:08695f5cb7ed6e0531a20572697297273c47b8cae5a63ffc6d6ed5c201be6e44", size = 27697, upload-time = "2022-10-25T02:36:22.414Z" }
wheels = [
    { url = "https://files.pythonhosted.org/packages/d1/d6/3965ed04c63042e047cb6a3e6ed1a63a35087b6a609aa3a15ed8ac56c221/colorama-0.4.6-py2.py3-none-any.whl", hash = "sha256:4f1d9991f5acc0ca119f9d443620b77f9d6b33703e51011c16baf57afb285fc6", size = 25335, upload-time = "2022-10-25T02:36:20.889Z" },
]

[[package]]
name = "greenlet"
version = "3.2.3"
source = { registry = "https://pypi.org/simple" }
sdist = { url = "https://files.pythonhosted.org/packages/c9/92/bb85bd6e80148a4d2e0c59f7c0c2891029f8fd510183afc7d8d2feeed9b6/greenlet-3.2.3.tar.gz", hash = "sha256:8b0dd8ae4c0d6f5e54ee55ba935eeb3d735a9b58a8a1e5b5cbab64e01a39f365", size = 185752, upload-time = "2025-06-05T16:16:09.955Z" }
wheels = [
    { url = "https://files.pythonhosted.org/packages/d8/ca/accd7aa5280eb92b70ed9e8f7fd79dc50a2c21d8c73b9a0856f5b564e222/greenlet-3.2.3-cp314-cp314-macosx_11_0_universal2.whl", hash = "sha256:3d04332dddb10b4a211b68111dabaee2e1a073663d117dc10247b5b1642bac86", size = 271479, upload-time = "2025-06-05T16:10:47.525Z" },
    { url = "https://files.pythonhosted.org/packages/55/71/01ed9895d9eb49223280ecc98a557585edfa56b3d0e965b9fa9f7f06b6d9/greenlet-3.2.3-cp314-cp314-manylinux2014_aarch64.manylinux_2_17_aarch64.whl", hash = "sha256:8186162dffde068a465deab08fc72c767196895c39db26ab1c17c0b77a6d8b97", size = 683952, upload-time = "2025-06-05T16:38:55.125Z" },
    { url = "https://files.pythonhosted.org/packages/ea/61/638c4bdf460c3c678a0a1ef4c200f347dff80719597e53b5edb2fb27ab54/greenlet-3.2.3-cp314-cp314-manylinux2014_ppc64le.manylinux_2_17_ppc64le.whl", hash = "sha256:f4bfbaa6096b1b7a200024784217defedf46a07c2eee1a498e94a1b5f8ec5728", size = 696917, upload-time = "2025-06-05T16:41:38.959Z" },
    { url = "https://files.pythonhosted.org/packages/22/cc/0bd1a7eb759d1f3e3cc2d1bc0f0b487ad3cc9f34d74da4b80f226fde4ec3/greenlet-3.2.3-cp314-cp314-manylinux2014_s390x.manylinux_2_17_s390x.whl", hash = "sha256:ed6cfa9200484d234d8394c70f5492f144b20d4533f69262d530a1a082f6ee9a", size = 692443, upload-time = "2025-06-05T16:48:23.113Z" },
    { url = "https://files.pythonhosted.org/packages/67/10/b2a4b63d3f08362662e89c103f7fe28894a51ae0bc890fabf37d1d780e52/greenlet-3.2.3-cp314-cp314-manylinux2014_x86_64.manylinux_2_17_x86_64.whl", hash = "sha256:02b0df6f63cd15012bed5401b47829cfd2e97052dc89da3cfaf2c779124eb892", size = 692995, upload-time = "2025-06-05T16:13:07.972Z" },
    { url = "https://files.pythonhosted.org/packages/5a/c6/ad82f148a4e3ce9564056453a71529732baf5448ad53fc323e37efe34f66/greenlet-3.2.3-cp314-cp314-manylinux_2_24_x86_64.manylinux_2_28_x86_64.whl", hash = "sha256:86c2d68e87107c1792e2e8d5399acec2487a4e993ab76c792408e59394d52141", size = 655320, upload-time = "2025-06-05T16:12:53.453Z" },
    { url = "https://files.pythonhosted.org/packages/5c/4f/aab73ecaa6b3086a4c89863d94cf26fa84cbff63f52ce9bc4342b3087a06/greenlet-3.2.3-cp314-cp314-win_amd64.whl", hash = "sha256:8c47aae8fbbfcf82cc13327ae802ba13c9c36753b67e760023fd116bc124a62a", size = 301236, upload-time = "2025-06-05T16:15:20.111Z" },
]

[[package]]
name = "idna"
version = "3.10"
source = { registry = "https://pypi.org/simple" }
sdist = { url = "https://files.pythonhosted.org/packages/f1/70/7703c29685631f5a7590aa73f1f1d3fa9a380e654b86af429e0934a32f7d/idna-3.10.tar.gz", hash = "sha256:12f65c9b470abda6dc35cf8e63cc574b1c52b11df2c86030af0ac09b01b13ea9", size = 190490, upload-time = "2024-09-15T18:07:39.745Z" }
wheels = [
    { url = "https://files.pythonhosted.org/packages/76/c6/c88e154df9c4e1a2a66ccf0005a88dfb2650c1dffb6f5ce603dfbd452ce3/idna-3.10-py3-none-any.whl", hash = "sha256:946d195a0d259cbba61165e88e65941f16e9b36ea6ddb97f00452bae8b1287d3", size = 70442, upload-time = "2024-09-15T18:07:37.964Z" },
]

[[package]]
name = "iniconfig"
version = "2.1.0"
source = { registry = "https://pypi.org/simple" }
sdist = { url = "https://files.pythonhosted.org/packages/f2/97/ebf4da567aa6827c909642694d71c9fcf53e5b504f2d96afea02718862f3/iniconfig-2.1.0.tar.gz", hash = "sha256:3abbd2e30b36733fee78f9c7f7308f2d0050e88f0087fd25c2645f63c773e1c7", size = 4793, upload-time = "2025-03-19T20:09:59.721Z" }
wheels = [
    { url = "https://files.pythonhosted.org/packages/2c/e1/e6716421ea10d38022b952c159d5161ca1193197fb744506875fbb87ea7b/iniconfig-2.1.0-py3-none-any.whl", hash = "sha256:9deba5723312380e77435581c6bf4935c94cbfab9b1ed33ef8d238ea168eb760", size = 6050, upload-time = "2025-03-19T20:10:01.071Z" },
]

[[package]]
name = "packaging"
version = "25.0"
source = { registry = "https://pypi.org/simple" }
sdist = { url = "https://files.pythonhosted.org/packages/a1/d4/1fc4078c65507b51b96ca8f8c3ba19e6a61c8253c72794544580a7b6c24d/packaging-25.0.tar.gz", hash = "sha256:d443872c98d677bf60f6a1f2f8c1cb748e8fe762d2bf9d3148b5599295b0fc4f", size = 165727, upload-time = "2025-04-19T11:48:59.673Z" }
wheels = [
    { url = "https://files.pythonhosted.org/packages/20/12/38679034af332785aac8774540895e234f4d07f7545804097de4b666afd8/packaging-25.0-py3-none-any.whl", hash = "sha256:29572ef2b1f17581046b3a2227d5c611fb25ec70ca1ba8554b24b0e69331a484", size = 66469, upload-time = "2025-04-19T11:48:57.875Z" },
]

[[package]]
name = "playwright"
version = "1.57.0"
source = { registry = "https://pypi.org/simple" }
dependencies = [
    { name = "greenlet" },
    { name = "pyee" },
]
wheels = [
    { url = "https://files.pythonhosted.org/packages/ed/b6/e17543cea8290ae4dced10be21d5a43c360096aa2cce0aa7039e60c50df3/playwright-1.57.0-py3-none-macosx_10_13_x86_64.whl", hash = "sha256:9351c1ac3dfd9b3820fe7fc4340d96c0d3736bb68097b9b7a69bd45d25e9370c", size = 41985039, upload-time = "2025-12-09T08:06:18.408Z" },
    { url = "https://files.pythonhosted.org/packages/8b/04/ef95b67e1ff59c080b2effd1a9a96984d6953f667c91dfe9d77c838fc956/playwright-1.57.0-py3-none-macosx_11_0_arm64.whl", hash = "sha256:a4a9d65027bce48eeba842408bcc1421502dfd7e41e28d207e94260fa93ca67e", size = 40775575, upload-time = "2025-12-09T08:06:22.105Z" },
    { url = "https://files.pythonhosted.org/packages/60/bd/5563850322a663956c927eefcf1457d12917e8f118c214410e815f2147d1/playwright-1.57.0-py3-none-macosx_11_0_universal2.whl", hash = "sha256:99104771abc4eafee48f47dac2369e0015516dc1ce8c409807d2dd440828b9a4", size = 41985042, upload-time = "2025-12-09T08:06:25.357Z" },
    { url = "https://files.pythonhosted.org/packages/56/61/3a803cb5ae0321715bfd5247ea871d25b32c8f372aeb70550a90c5f586df/playwright-1.57.0-py3-none-manylinux1_x86_64.whl", hash = "sha256:284ed5a706b7c389a06caa431b2f0ba9ac4130113c3a779767dda758c2497bb1", size = 45975252, upload-time = "2025-12-09T08:06:29.186Z" },
    { url = "https://files.pythonhosted.org/packages/83/d7/b72eb59dfbea0013a7f9731878df8c670f5f35318cedb010c8a30292c118/playwright-1.57.0-py3-none-manylinux_2_17_aarch64.manylinux2014_aarch64.whl", hash = "sha256:38a1bae6c0a07839cdeaddbc0756b3b2b85e476c07945f64ece08f1f956a86f1", size = 45706917, upload-time = "2025-12-09T08:06:32.549Z" },
    { url = "https://files.pythonhosted.org/packages/e4/09/3fc9ebd7c95ee54ba6a68d5c0bc23e449f7235f4603fc60534a364934c16/playwright-1.57.0-py3-none-win32.whl", hash = "sha256:1dd93b265688da46e91ecb0606d36f777f8eadcf7fbef12f6426b20bf0c9137c", size = 36553860, upload-time = "2025-12-09T08:06:35.864Z" },
    { url = "https://files.pythonhosted.org/packages/58/d4/dcdfd2a33096aeda6ca0d15584800443dd2be64becca8f315634044b135b/playwright-1.57.0-py3-none-win_amd64.whl", hash = "sha256:6caefb08ed2c6f29d33b8088d05d09376946e49a73be19271c8cd5384b82b14c", size = 36553864, upload-time = "2025-12-09T08:06:38.915Z" },
    { url = "https://files.pythonhosted.org/packages/6a/60/fe31d7e6b8907789dcb0584f88be741ba388413e4fbce35f1eba4e3073de/playwright-1.57.0-py3-none-win_arm64.whl", hash = "sha256:5f065f5a133dbc15e6e7c71e7bc04f258195755b1c32a432b792e28338c8335e", size = 32837940, upload-time = "2025-12-09T08:06:42.268Z" },
]

[[package]]
name = "pluggy"
version = "1.6.0"
source = { registry = "https://pypi.org/simple" }
sdist = { url = "https://files.pythonhosted.org/packages/f9/e2/3e91f31a7d2b083fe6ef3fa267035b518369d9511ffab804f839851d2779/pluggy-1.6.0.tar.gz", hash = "sha256:7dcc130b76258d33b90f61b658791dede3486c3e6bfb003ee5c9bfb396dd22f3", size = 69412, upload-time = "2025-05-15T12:30:07.975Z" }
wheels = [
    { url = "https://files.pythonhosted.org/packages/54/20/4d324d65cc6d9205fabedc306948156824eb9f0ee1633355a8f7ec5c66bf/pluggy-1.6.0-py3-none-any.whl", hash = "sha256:e920276dd6813095e9377c0bc5566d94c932c33b27a3e3945d8389c374dd4746", size = 20538, upload-time = "2025-05-15T12:30:06.134Z" },
]

[[package]]
name = "pyee"
version = "13.0.0"
source = { registry = "https://pypi.org/simple" }
dependencies = [
    { name = "typing-extensions" },
]
sdist = { url = "https://files.pythonhosted.org/packages/95/03/1fd98d5841cd7964a27d729ccf2199602fe05eb7a405c1462eb7277945ed/pyee-13.0.0.tar.gz", hash = "sha256:b391e3c5a434d1f5118a25615001dbc8f669cf410ab67d04c4d4e07c55481c37", size = 31250, upload-time = "2025-03-17T18:53:15.955Z" }
wheels = [
    { url = "https://files.pythonhosted.org/packages/9b/4d/b9add7c84060d4c1906abe9a7e5359f2a60f7a9a4f67268b2766673427d8/pyee-13.0.0-py3-none-any.whl", hash = "sha256:48195a3cddb3b1515ce0695ed76036b5ccc2ef3a9f963ff9f77aec0139845498", size = 15730, upload-time = "2025-03-17T18:53:14.532Z" },
]

[[package]]
name = "pygments"
version = "2.19.2"
source = { registry = "https://pypi.org/simple" }
sdist = { url = "https://files.pythonhosted.org/packages/b0/77/a5b8c569bf593b0140bde72ea885a803b82086995367bf2037de0159d924/pygments-2.19.2.tar.gz", hash = "sha256:636cb2477cec7f8952536970bc533bc43743542f70392ae026374600add5b887", size = 4968631, upload-time = "2025-06-21T13:39:12.283Z" }
wheels = [
    { url = "https://files.pythonhosted.org/packages/c7/21/705964c7812476f378728bdf590ca4b771ec72385c533964653c68e86bdc/pygments-2.19.2-py3-none-any.whl", hash = "sha256:86540386c03d588bb81d44bc3928634ff26449851e99741617ecb9037ee5ec0b", size = 1225217, upload-time = "2025-06-21T13:39:07.939Z" },
]

[[package]]
name = "pytest"
version = "9.0.2"
source = { registry = "https://pypi.org/simple" }
dependencies = [
    { name = "colorama", marker = "sys_platform == 'win32'" },
    { name = "iniconfig" },
    { name = "packaging" },
    { name = "pluggy" },
    { name = "pygments" },
]
sdist = { url = "https://files.pythonhosted.org/packages/d1/db/7ef3487e0fb0049ddb5ce41d3a49c235bf9ad299b6a25d5780a89f19230f/pytest-9.0.2.tar.gz", hash = "sha256:75186651a92bd89611d1d9fc20f0b4345fd827c41ccd5c299a868a05d70edf11", size = 1568901, upload-time = "2025-12-06T21:30:51.014Z" }
wheels = [
    { url = "https://files.pythonhosted.org/packages/3b/ab/b3226f0bd7cdcf710fbede2b3548584366da3b19b5021e74f5bde2a8fa3f/pytest-9.0.2-py3-none-any.whl", hash = "sha256:711ffd45bf766d5264d487b917733b453d917afd2b0ad65223959f59089f875b", size = 374801, upload-time = "2025-12-06T21:30:49.154Z" },
]

[[package]]
name = "pytest-base-url"
version = "2.1.0"
source = { registry = "https://pypi.org/simple" }
dependencies = [
    { name = "pytest" },
    { name = "requests" },
]
sdist = { url = "https://files.pythonhosted.org/packages/ae/1a/b64ac368de6b993135cb70ca4e5d958a5c268094a3a2a4cac6f0021b6c4f/pytest_base_url-2.1.0.tar.gz", hash = "sha256:02748589a54f9e63fcbe62301d6b0496da0d10231b753e950c63e03aee745d45", size = 6702, upload-time = "2024-01-31T22:43:00.81Z" }
wheels = [
    { url = "https://files.pythonhosted.org/packages/98/1c/b00940ab9eb8ede7897443b771987f2f4a76f06be02f1b3f01eb7567e24a/pytest_base_url-2.1.0-py3-none-any.whl", hash = "sha256:3ad15611778764d451927b2a53240c1a7a591b521ea44cebfe45849d2d2812e6", size = 5302, upload-time = "2024-01-31T22:42:58.897Z" },
]

[[package]]
name = "pytest-playwright"
version = "0.7.2"
source = { registry = "https://pypi.org/simple" }
dependencies = [
    { name = "playwright" },
    { name = "pytest" },
    { name = "pytest-base-url" },
    { name = "python-slugify" },
]
sdist = { url = "https://files.pythonhosted.org/packages/e8/6b/913e36aa421b35689ec95ed953ff7e8df3f2ee1c7b8ab2a3f1fd39d95faf/pytest_playwright-0.7.2.tar.gz", hash = "sha256:247b61123b28c7e8febb993a187a07e54f14a9aa04edc166f7a976d88f04c770", size = 16928, upload-time = "2025-11-24T03:43:22.53Z" }
wheels = [
    { url = "https://files.pythonhosted.org/packages/76/61/4d333d8354ea2bea2c2f01bad0a4aa3c1262de20e1241f78e73360e9b620/pytest_playwright-0.7.2-py3-none-any.whl", hash = "sha256:8084e015b2b3ecff483c2160f1c8219b38b66c0d4578b23c0f700d1b0240ea38", size = 16881, upload-time = "2025-11-24T03:43:24.423Z" },
]

[[package]]
name = "python-slugify"
version = "8.0.4"
source = { registry = "https://pypi.org/simple" }
dependencies = [
    { name = "text-unidecode" },
]
sdist = { url = "https://files.pythonhosted.org/packages/87/c7/5e1547c44e31da50a460df93af11a535ace568ef89d7a811069ead340c4a/python-slugify-8.0.4.tar.gz", hash = "sha256:59202371d1d05b54a9e7720c5e038f928f45daaffe41dd10822f3907b937c856", size = 10921, upload-time = "2024-02-08T18:32:45.488Z" }
wheels = [
    { url = "https://files.pythonhosted.org/packages/a4/62/02da182e544a51a5c3ccf4b03ab79df279f9c60c5e82d5e8bec7ca26ac11/python_slugify-8.0.4-py2.py3-none-any.whl", hash = "sha256:276540b79961052b66b7d116620b36518847f52d5fd9e3a70164fc8c50faa6b8", size = 10051, upload-time = "2024-02-08T18:32:43.911Z" },
]

[[package]]
name = "requests"
version = "2.32.4"
source = { registry = "https://pypi.org/simple" }
dependencies = [
    { name = "certifi" },
    { name = "charset-normalizer" },
    { name = "idna" },
    { name = "urllib3" },
]
sdist = { url = "https://files.pythonhosted.org/packages/e1/0a/929373653770d8a0d7ea76c37de6e41f11eb07559b103b1c02cafb3f7cf8/requests-2.32.4.tar.gz", hash = "sha256:27d0316682c8a29834d3264820024b62a36942083d52caf2f14c0591336d3422", size = 135258, upload-time = "2025-06-09T16:43:07.34Z" }
wheels = [
    { url = "https://files.pythonhosted.org/packages/7c/e4/56027c4a6b4ae70ca9de302488c5ca95ad4a39e190093d6c1a8ace08341b/requests-2.32.4-py3-none-any.whl", hash = "sha256:27babd3cda2a6d50b30443204ee89830707d396671944c998b5975b031ac2b2c", size = 64847, upload-time = "2025-06-09T16:43:05.728Z" },
]

[[package]]
name = "ruff"
version = "0.14.11"
source = { registry = "https://pypi.org/simple" }
sdist = { url = "https://files.pythonhosted.org/packages/d4/77/9a7fe084d268f8855d493e5031ea03fa0af8cc05887f638bf1c4e3363eb8/ruff-0.14.11.tar.gz", hash = "sha256:f6dc463bfa5c07a59b1ff2c3b9767373e541346ea105503b4c0369c520a66958", size = 5993417, upload-time = "2026-01-08T19:11:58.322Z" }
wheels = [
    { url = "https://files.pythonhosted.org/packages/f0/a6/a4c40a5aaa7e331f245d2dc1ac8ece306681f52b636b40ef87c88b9f7afd/ruff-0.14.11-py3-none-linux_armv6l.whl", hash = "sha256:f6ff2d95cbd335841a7217bdfd9c1d2e44eac2c584197ab1385579d55ff8830e", size = 12951208, upload-time = "2026-01-08T19:12:09.218Z" },
    { url = "https://files.pythonhosted.org/packages/5c/5c/360a35cb7204b328b685d3129c08aca24765ff92b5a7efedbdd6c150d555/ruff-0.14.11-py3-none-macosx_10_12_x86_64.whl", hash = "sha256:6f6eb5c1c8033680f4172ea9c8d3706c156223010b8b97b05e82c59bdc774ee6", size = 13330075, upload-time = "2026-01-08T19:12:02.549Z" },
    { url = "https://files.pythonhosted.org/packages/1b/9e/0cc2f1be7a7d33cae541824cf3f95b4ff40d03557b575912b5b70273c9ec/ruff-0.14.11-py3-none-macosx_11_0_arm64.whl", hash = "sha256:f2fc34cc896f90080fca01259f96c566f74069a04b25b6205d55379d12a6855e", size = 12257809, upload-time = "2026-01-08T19:12:00.366Z" },
    { url = "https://files.pythonhosted.org/packages/a7/e5/5faab97c15bb75228d9f74637e775d26ac703cc2b4898564c01ab3637c02/ruff-0.14.11-py3-none-manylinux_2_17_aarch64.manylinux2014_aarch64.whl", hash = "sha256:53386375001773ae812b43205d6064dae49ff0968774e6befe16a994fc233caa", size = 12678447, upload-time = "2026-01-08T19:12:13.899Z" },
    { url = "https://files.pythonhosted.org/packages/1b/33/e9767f60a2bef779fb5855cab0af76c488e0ce90f7bb7b8a45c8a2ba4178/ruff-0.14.11-py3-none-manylinux_2_17_armv7l.manylinux2014_armv7l.whl", hash = "sha256:a697737dce1ca97a0a55b5ff0434ee7205943d4874d638fe3ae66166ff46edbe", size = 12758560, upload-time = "2026-01-08T19:11:42.55Z" },
    { url = "https://files.pythonhosted.org/packages/eb/84/4c6cf627a21462bb5102f7be2a320b084228ff26e105510cd2255ea868e5/ruff-0.14.11-py3-none-manylinux_2_17_i686.manylinux2014_i686.whl", hash = "sha256:6845ca1da8ab81ab1dce755a32ad13f1db72e7fba27c486d5d90d65e04d17b8f", size = 13599296, upload-time = "2026-01-08T19:11:30.371Z" },
    { url = "https://files.pythonhosted.org/packages/88/e1/92b5ed7ea66d849f6157e695dc23d5d6d982bd6aa8d077895652c38a7cae/ruff-0.14.11-py3-none-manylinux_2_17_ppc64.manylinux2014_ppc64.whl", hash = "sha256:e36ce2fd31b54065ec6f76cb08d60159e1b32bdf08507862e32f47e6dde8bcbf", size = 15048981, upload-time = "2026-01-08T19:12:04.742Z" },
    { url = "https://files.pythonhosted.org/packages/61/df/c1bd30992615ac17c2fb64b8a7376ca22c04a70555b5d05b8f717163cf9f/ruff-0.14.11-py3-none-manylinux_2_17_ppc64le.manylinux2014_ppc64le.whl", hash = "sha256:590bcc0e2097ecf74e62a5c10a6b71f008ad82eb97b0a0079e85defe19fe74d9", size = 14633183, upload-time = "2026-01-08T19:11:40.069Z" },
    { url = "https://files.pythonhosted.org/packages/04/e9/fe552902f25013dd28a5428a42347d9ad20c4b534834a325a28305747d64/ruff-0.14.11-py3-none-manylinux_2_17_s390x.manylinux2014_s390x.whl", hash = "sha256:53fe71125fc158210d57fe4da26e622c9c294022988d08d9347ec1cf782adafe", size = 14050453, upload-time = "2026-01-08T19:11:37.555Z" },
    { url = "https://files.pythonhosted.org/packages/ae/93/f36d89fa021543187f98991609ce6e47e24f35f008dfe1af01379d248a41/ruff-0.14.11-py3-none-manylinux_2_17_x86_64.manylinux2014_x86_64.whl", hash = "sha256:a35c9da08562f1598ded8470fcfef2afb5cf881996e6c0a502ceb61f4bc9c8a3", size = 13757889, upload-time = "2026-01-08T19:12:07.094Z" },
    { url = "https://files.pythonhosted.org/packages/b7/9f/c7fb6ecf554f28709a6a1f2a7f74750d400979e8cd47ed29feeaa1bd4db8/ruff-0.14.11-py3-none-manylinux_2_31_riscv64.whl", hash = "sha256:0f3727189a52179393ecf92ec7057c2210203e6af2676f08d92140d3e1ee72c1", size = 13955832, upload-time = "2026-01-08T19:11:55.064Z" },
    { url = "https://files.pythonhosted.org/packages/db/a0/153315310f250f76900a98278cf878c64dfb6d044e184491dd3289796734/ruff-0.14.11-py3-none-musllinux_1_2_aarch64.whl", hash = "sha256:eb09f849bd37147a789b85995ff734a6c4a095bed5fd1608c4f56afc3634cde2", size = 12586522, upload-time = "2026-01-08T19:11:35.356Z" },
    { url = "https://files.pythonhosted.org/packages/2f/2b/a73a2b6e6d2df1d74bf2b78098be1572191e54bec0e59e29382d13c3adc5/ruff-0.14.11-py3-none-musllinux_1_2_armv7l.whl", hash = "sha256:c61782543c1231bf71041461c1f28c64b961d457d0f238ac388e2ab173d7ecb7", size = 12724637, upload-time = "2026-01-08T19:11:47.796Z" },
    { url = "https://files.pythonhosted.org/packages/f0/41/09100590320394401cd3c48fc718a8ba71c7ddb1ffd07e0ad6576b3a3df2/ruff-0.14.11-py3-none-musllinux_1_2_i686.whl", hash = "sha256:82ff352ea68fb6766140381748e1f67f83c39860b6446966cff48a315c3e2491", size = 13145837, upload-time = "2026-01-08T19:11:32.87Z" },
    { url = "https://files.pythonhosted.org/packages/3b/d8/e035db859d1d3edf909381eb8ff3e89a672d6572e9454093538fe6f164b0/ruff-0.14.11-py3-none-musllinux_1_2_x86_64.whl", hash = "sha256:728e56879df4ca5b62a9dde2dd0eb0edda2a55160c0ea28c4025f18c03f86984", size = 13850469, upload-time = "2026-01-08T19:12:11.694Z" },
    { url = "https://files.pythonhosted.org/packages/4e/02/bb3ff8b6e6d02ce9e3740f4c17dfbbfb55f34c789c139e9cd91985f356c7/ruff-0.14.11-py3-none-win32.whl", hash = "sha256:337c5dd11f16ee52ae217757d9b82a26400be7efac883e9e852646f1557ed841", size = 12851094, upload-time = "2026-01-08T19:11:45.163Z" },
    { url = "https://files.pythonhosted.org/packages/58/f1/90ddc533918d3a2ad628bc3044cdfc094949e6d4b929220c3f0eb8a1c998/ruff-0.14.11-py3-none-win_amd64.whl", hash = "sha256:f981cea63d08456b2c070e64b79cb62f951aa1305282974d4d5216e6e0178ae6", size = 14001379, upload-time = "2026-01-08T19:11:52.591Z" },
    { url = "https://files.pythonhosted.org/packages/c4/1c/1dbe51782c0e1e9cfce1d1004752672d2d4629ea46945d19d731ad772b3b/ruff-0.14.11-py3-none-win_arm64.whl", hash = "sha256:649fb6c9edd7f751db276ef42df1f3df41c38d67d199570ae2a7bd6cbc3590f0", size = 12938644, upload-time = "2026-01-08T19:11:50.027Z" },
]

[[package]]
name = "tests"
source = { virtual = "." }
dependencies = [
    { name = "playwright" },
    { name = "pytest" },
    { name = "pytest-playwright" },
]

[package.optional-dependencies]
dev = [
    { name = "ruff" },
    { name = "ty" },
]

[package.metadata]
requires-dist = [
    { name = "playwright", specifier = "==1.57.0" },
    { name = "pytest", specifier = "==9.0.2" },
    { name = "pytest-playwright", specifier = "==0.7.2" },
    { name = "ruff", marker = "extra == 'dev'", specifier = "==0.14.11" },
    { name = "ty", marker = "extra == 'dev'", specifier = "==0.0.10" },
]
provides-extras = ["dev"]

[[package]]
name = "text-unidecode"
version = "1.3"
source = { registry = "https://pypi.org/simple" }
sdist = { url = "https://files.pythonhosted.org/packages/ab/e2/e9a00f0ccb71718418230718b3d900e71a5d16e701a3dae079a21e9cd8f8/text-unidecode-1.3.tar.gz", hash = "sha256:bad6603bb14d279193107714b288be206cac565dfa49aa5b105294dd5c4aab93", size = 76885, upload-time = "2019-08-30T21:36:45.405Z" }
wheels = [
    { url = "https://files.pythonhosted.org/packages/a6/a5/c0b6468d3824fe3fde30dbb5e1f687b291608f9473681bbf7dabbf5a87d7/text_unidecode-1.3-py2.py3-none-any.whl", hash = "sha256:1311f10e8b895935241623731c2ba64f4c455287888b18189350b67134a822e8", size = 78154, upload-time = "2019-08-30T21:37:03.543Z" },
]

[[package]]
name = "ty"
version = "0.0.10"
source = { registry = "https://pypi.org/simple" }
sdist = { url = "https://files.pythonhosted.org/packages/b7/85/97b5276baa217e05db2fe3d5c61e4dfd35d1d3d0ec95bfca1986820114e0/ty-0.0.10.tar.gz", hash = "sha256:0a1f9f7577e56cd508a8f93d0be2a502fdf33de6a7d65a328a4c80b784f4ac5f", size = 4892892, upload-time = "2026-01-07T23:00:23.572Z" }
wheels = [
    { url = "https://files.pythonhosted.org/packages/0c/7a/5a7147ce5231c3ccc55d6f945dabd7412e233e755d28093bfdec988ba595/ty-0.0.10-py3-none-linux_armv6l.whl", hash = "sha256:406a8ea4e648551f885629b75dc3f070427de6ed099af45e52051d4c68224829", size = 9835881, upload-time = "2026-01-07T22:08:17.492Z" },
    { url = "https://files.pythonhosted.org/packages/3e/7d/89f4d2277c938332d047237b47b11b82a330dbff4fff0de8574cba992128/ty-0.0.10-py3-none-macosx_10_12_x86_64.whl", hash = "sha256:d6e0a733e3d6d3bce56d6766bc61923e8b130241088dc2c05e3c549487190096", size = 9696404, upload-time = "2026-01-07T22:08:37.965Z" },
    { url = "https://files.pythonhosted.org/packages/e8/cd/9dd49e6d40e54d4b7d563f9e2a432c4ec002c0673a81266e269c4bc194ce/ty-0.0.10-py3-none-macosx_11_0_arm64.whl", hash = "sha256:e4832f8879cb95fc725f7e7fcab4f22be0cf2550f3a50641d5f4409ee04176d4", size = 9181195, upload-time = "2026-01-07T22:59:07.187Z" },
    { url = "https://files.pythonhosted.org/packages/d2/b8/3e7c556654ba0569ed5207138d318faf8633d87e194760fc030543817c26/ty-0.0.10-py3-none-manylinux_2_24_aarch64.whl", hash = "sha256:6b58cc78e5865bc908f053559a80bb77cab0dc168aaad2e88f2b47955694b138", size = 9665002, upload-time = "2026-01-07T22:08:30.782Z" },
    { url = "https://files.pythonhosted.org/packages/98/96/410a483321406c932c4e3aa1581d1072b72cdcde3ae83cd0664a65c7b254/ty-0.0.10-py3-none-manylinux_2_24_armv7l.whl", hash = "sha256:83c6a514bb86f05005fa93e3b173ae3fde94d291d994bed6fe1f1d2e5c7331cf", size = 9664948, upload-time = "2026-01-07T23:04:14.655Z" },
    { url = "https://files.pythonhosted.org/packages/1f/5d/cba2ab3e2f660763a72ad12620d0739db012e047eaa0ceaa252bf5e94ebb/ty-0.0.10-py3-none-manylinux_2_24_i686.whl", hash = "sha256:2e43f71e357f8a4f7fc75e4753b37beb2d0f297498055b1673a9306aa3e21897", size = 10125401, upload-time = "2026-01-07T22:08:28.171Z" },
    { url = "https://files.pythonhosted.org/packages/a7/67/29536e0d97f204a2933122239298e754db4564f4ed7f34e2153012b954be/ty-0.0.10-py3-none-manylinux_2_24_ppc64le.whl", hash = "sha256:18be3c679965c23944c8e574be0635504398c64c55f3f0c46259464e10c0a1c7", size = 10714052, upload-time = "2026-01-07T22:08:20.098Z" },
    { url = "https://files.pythonhosted.org/packages/63/c8/82ac83b79a71c940c5dcacb644f526f0c8fdf4b5e9664065ab7ee7c0e4ec/ty-0.0.10-py3-none-manylinux_2_24_s390x.whl", hash = "sha256:5477981681440a35acdf9b95c3097410c547abaa32b893f61553dbc3b0096fff", size = 10395924, upload-time = "2026-01-07T22:08:22.839Z" },
    { url = "https://files.pythonhosted.org/packages/9e/4c/2f9ac5edbd0e67bf82f5cd04275c4e87cbbf69a78f43e5dcf90c1573d44e/ty-0.0.10-py3-none-manylinux_2_24_x86_64.whl", hash = "sha256:e206a23bd887574302138b33383ae1edfcc39d33a06a12a5a00803b3f0287a45", size = 10220096, upload-time = "2026-01-07T22:08:13.171Z" },
    { url = "https://files.pythonhosted.org/packages/04/13/3be2b7bfd53b9952b39b6f2c2ef55edeb1a2fea3bf0285962736ee26731c/ty-0.0.10-py3-none-musllinux_1_2_aarch64.whl", hash = "sha256:4e09ddb0d3396bd59f645b85eab20f9a72989aa8b736b34338dcb5ffecfe77b6", size = 9649120, upload-time = "2026-01-07T22:08:34.003Z" },
    { url = "https://files.pythonhosted.org/packages/93/e3/edd58547d9fd01e4e584cec9dced4f6f283506b422cdd953e946f6a8e9f0/ty-0.0.10-py3-none-musllinux_1_2_armv7l.whl", hash = "sha256:139d2a741579ad86a044233b5d7e189bb81f427eebce3464202f49c3ec0eba3b", size = 9686033, upload-time = "2026-01-07T22:08:40.967Z" },
    { url = "https://files.pythonhosted.org/packages/cc/bc/9d2f5fec925977446d577fb9b322d0e7b1b1758709f23a6cfc10231e9b84/ty-0.0.10-py3-none-musllinux_1_2_i686.whl", hash = "sha256:6bae10420c0abfe4601fbbc6ce637b67d0b87a44fa520283131a26da98f2e74c", size = 9841905, upload-time = "2026-01-07T23:04:21.694Z" },
    { url = "https://files.pythonhosted.org/packages/7c/b8/5acd3492b6a4ef255ace24fcff0d4b1471a05b7f3758d8910a681543f899/ty-0.0.10-py3-none-musllinux_1_2_x86_64.whl", hash = "sha256:7358bbc5d037b9c59c3a48895206058bcd583985316c4125a74dd87fd1767adb", size = 10320058, upload-time = "2026-01-07T22:08:25.645Z" },
    { url = "https://files.pythonhosted.org/packages/35/67/5b6906fccef654c7e801d6ac8dcbe0d493e1f04c38127f82a5e6d7e0aa0e/ty-0.0.10-py3-none-win32.whl", hash = "sha256:f51b6fd485bc695d0fdf555e69e6a87d1c50f14daef6cb980c9c941e12d6bcba", size = 9271806, upload-time = "2026-01-07T22:08:10.08Z" },
    { url = "https://files.pythonhosted.org/packages/42/36/82e66b9753a76964d26fd9bc3514ea0abce0a5ba5ad7d5f084070c6981da/ty-0.0.10-py3-none-win_amd64.whl", hash = "sha256:16deb77a72cf93b89b4d29577829613eda535fbe030513dfd9fba70fe38bc9f5", size = 10130520, upload-time = "2026-01-07T23:04:11.759Z" },
    { url = "https://files.pythonhosted.org/packages/63/52/89da123f370e80b587d2db8551ff31562c882d87b32b0e92b59504b709ae/ty-0.0.10-py3-none-win_arm64.whl", hash = "sha256:7495288bca7afba9a4488c9906466d648ffd3ccb6902bc3578a6dbd91a8f05f0", size = 9626026, upload-time = "2026-01-07T23:04:17.91Z" },
]

[[package]]
name = "typing-extensions"
version = "4.14.1"
source = { registry = "https://pypi.org/simple" }
sdist = { url = "https://files.pythonhosted.org/packages/98/5a/da40306b885cc8c09109dc2e1abd358d5684b1425678151cdaed4731c822/typing_extensions-4.14.1.tar.gz", hash = "sha256:38b39f4aeeab64884ce9f74c94263ef78f3c22467c8724005483154c26648d36", size = 107673, upload-time = "2025-07-04T13:28:34.16Z" }
wheels = [
    { url = "https://files.pythonhosted.org/packages/b5/00/d631e67a838026495268c2f6884f3711a15a9a2a96cd244fdaea53b823fb/typing_extensions-4.14.1-py3-none-any.whl", hash = "sha256:d1e1e3b58374dc93031d6eda2420a48ea44a36c2b4766a4fdeb3710755731d76", size = 43906, upload-time = "2025-07-04T13:28:32.743Z" },
]

[[package]]
name = "urllib3"
version = "2.6.0"
source = { registry = "https://pypi.org/simple" }
sdist = { url = "https://files.pythonhosted.org/packages/1c/43/554c2569b62f49350597348fc3ac70f786e3c32e7f19d266e19817812dd3/urllib3-2.6.0.tar.gz", hash = "sha256:cb9bcef5a4b345d5da5d145dc3e30834f58e8018828cbc724d30b4cb7d4d49f1", size = 432585, upload-time = "2025-12-05T15:08:47.885Z" }
wheels = [
    { url = "https://files.pythonhosted.org/packages/56/1a/9ffe814d317c5224166b23e7c47f606d6e473712a2fad0f704ea9b99f246/urllib3-2.6.0-py3-none-any.whl", hash = "sha256:c90f7a39f716c572c4e3e58509581ebd83f9b59cced005b7db7ad2d22b0db99f", size = 131083, upload-time = "2025-12-05T15:08:45.983Z" },
]
